dependencies:
- name: openebs-crds
  repository: ""
  version: 4.3.0
- name: loki
  repository: https://grafana.github.io/helm-charts
  version: 6.29.0
- name: alloy
  repository: https://grafana.github.io/helm-charts
  version: 1.0.1
- name: localpv-provisioner
  repository: https://openebs.github.io/dynamic-localpv-provisioner
  version: 4.3.0
- name: zfs-localpv
  repository: https://openebs.github.io/zfs-localpv
  version: 2.8.0
- name: lvm-localpv
  repository: https://openebs.github.io/lvm-localpv
  version: 1.7.0
- name: mayastor
  repository: https://openebs.github.io/mayastor-extensions
  version: 2.9.0
digest: sha256:64e61c7ef4187a57ac9c93cfdee75f4cd40d7ca586d1194837abf95a8e4fc08c
generated: "2025-06-13T15:09:19.780758132Z"
